// !$*UTF8*$!
{
	archiveVersion = 1;
	classes = {
	};
	objectVersion = 50;
	objects = {

/* Begin PBXBuildFile section */
		3861139F1A8C3C37CE12618D /* Pods_ARBear.framework in Frameworks */ = {isa = PBXBuildFile; fileRef = 9F65B20AD84042B3094996DC /* Pods_ARBear.framework */; };
		7E2C5319208EC7CD00D3DB77 /* ARInputViewOptions.swift in Sources */ = {isa = PBXBuildFile; fileRef = 7E2C52FB208EC7CD00D3DB77 /* ARInputViewOptions.swift */; };
		7E2C531A208EC7CD00D3DB77 /* ARVideoOptions.swift in Sources */ = {isa = PBXBuildFile; fileRef = 7E2C52FC208EC7CD00D3DB77 /* ARVideoOptions.swift */; };
		7E2C531B208EC7CD00D3DB77 /* RecordAR+PhotoRender.swift in Sources */ = {isa = PBXBuildFile; fileRef = 7E2C52FF208EC7CD00D3DB77 /* RecordAR+PhotoRender.swift */; };
		7E2C531C208EC7CD00D3DB77 /* CGImage+Resize.swift in Sources */ = {isa = PBXBuildFile; fileRef = 7E2C5300208EC7CD00D3DB77 /* CGImage+Resize.swift */; };
		7E2C531D208EC7CD00D3DB77 /* UIViewController+hasType.swift in Sources */ = {isa = PBXBuildFile; fileRef = 7E2C5301208EC7CD00D3DB77 /* UIViewController+hasType.swift */; };
		7E2C531E208EC7CD00D3DB77 /* UIImage+VideoBuffer.swift in Sources */ = {isa = PBXBuildFile; fileRef = 7E2C5302208EC7CD00D3DB77 /* UIImage+VideoBuffer.swift */; };
		7E2C531F208EC7CD00D3DB77 /* UIView+isType.swift in Sources */ = {isa = PBXBuildFile; fileRef = 7E2C5303208EC7CD00D3DB77 /* UIView+isType.swift */; };
		7E2C5320208EC7CD00D3DB77 /* RecordAR.swift in Sources */ = {isa = PBXBuildFile; fileRef = 7E2C5305208EC7CD00D3DB77 /* RecordAR.swift */; };
		7E2C5321208EC7CD00D3DB77 /* ARView.swift in Sources */ = {isa = PBXBuildFile; fileRef = 7E2C5306208EC7CD00D3DB77 /* ARView.swift */; };
		7E2C5322208EC7CD00D3DB77 /* ViewAR.swift in Sources */ = {isa = PBXBuildFile; fileRef = 7E2C5307208EC7CD00D3DB77 /* ViewAR.swift */; };
		7E2C5323208EC7CD00D3DB77 /* LoveLiver_LICENSE in Resources */ = {isa = PBXBuildFile; fileRef = 7E2C530A208EC7CD00D3DB77 /* LoveLiver_LICENSE */; };
		7E2C5324208EC7CD00D3DB77 /* PHLivePhotoPlus.swift in Sources */ = {isa = PBXBuildFile; fileRef = 7E2C530B208EC7CD00D3DB77 /* PHLivePhotoPlus.swift */; };
		7E2C5325208EC7CD00D3DB77 /* Generate+LivePhoto.swift in Sources */ = {isa = PBXBuildFile; fileRef = 7E2C530C208EC7CD00D3DB77 /* Generate+LivePhoto.swift */; };
		7E2C5326208EC7CD00D3DB77 /* JPEG.swift in Sources */ = {isa = PBXBuildFile; fileRef = 7E2C530D208EC7CD00D3DB77 /* JPEG.swift */; };
		7E2C5327208EC7CD00D3DB77 /* QuickTimeMov.swift in Sources */ = {isa = PBXBuildFile; fileRef = 7E2C530E208EC7CD00D3DB77 /* QuickTimeMov.swift */; };
		7E2C5328208EC7CD00D3DB77 /* WritAR.swift in Sources */ = {isa = PBXBuildFile; fileRef = 7E2C5310208EC7CD00D3DB77 /* WritAR.swift */; };
		7E2C5329208EC7CD00D3DB77 /* RenderAR.swift in Sources */ = {isa = PBXBuildFile; fileRef = 7E2C5311208EC7CD00D3DB77 /* RenderAR.swift */; };
		7E2C532A208EC7CD00D3DB77 /* Generate+GIF.swift in Sources */ = {isa = PBXBuildFile; fileRef = 7E2C5313208EC7CD00D3DB77 /* Generate+GIF.swift */; };
		7E2C532B208EC7CD00D3DB77 /* video.scnassets in Resources */ = {isa = PBXBuildFile; fileRef = 7E2C5315208EC7CD00D3DB77 /* video.scnassets */; };
		7E2C532C208EC7CD00D3DB77 /* RenderARDelegate.swift in Sources */ = {isa = PBXBuildFile; fileRef = 7E2C5317208EC7CD00D3DB77 /* RenderARDelegate.swift */; };
		7E2C532D208EC7CD00D3DB77 /* RecordARDelegate.swift in Sources */ = {isa = PBXBuildFile; fileRef = 7E2C5318208EC7CD00D3DB77 /* RecordARDelegate.swift */; };
		7E2C5332208F34FA00D3DB77 /* Images.bundle in Resources */ = {isa = PBXBuildFile; fileRef = 7E2C5331208F34FA00D3DB77 /* Images.bundle */; };
		7E33D025209BF7F700D606B3 /* data.plist in Resources */ = {isa = PBXBuildFile; fileRef = 7E33D024209BF7F700D606B3 /* data.plist */; };
		7E33D028209BFEBE00D606B3 /* ArtModel.swift in Sources */ = {isa = PBXBuildFile; fileRef = 7E33D027209BFEBE00D606B3 /* ArtModel.swift */; };
		7E5D146E208A00B7001271B3 /* AppDelegate.swift in Sources */ = {isa = PBXBuildFile; fileRef = 7E5D146D208A00B7001271B3 /* AppDelegate.swift */; };
		7E5D1472208A00B7001271B3 /* ARViewController.swift in Sources */ = {isa = PBXBuildFile; fileRef = 7E5D1471208A00B7001271B3 /* ARViewController.swift */; };
		7E5D1475208A00B7001271B3 /* Main.storyboard in Resources */ = {isa = PBXBuildFile; fileRef = 7E5D1473208A00B7001271B3 /* Main.storyboard */; };
		7E5D1477208A00B8001271B3 /* Assets.xcassets in Resources */ = {isa = PBXBuildFile; fileRef = 7E5D1476208A00B8001271B3 /* Assets.xcassets */; };
		7E5D147A208A00B8001271B3 /* LaunchScreen.storyboard in Resources */ = {isa = PBXBuildFile; fileRef = 7E5D1478208A00B8001271B3 /* LaunchScreen.storyboard */; };
		7E5D1482208A02E6001271B3 /* ARMain.storyboard in Resources */ = {isa = PBXBuildFile; fileRef = 7E5D1481208A02E6001271B3 /* ARMain.storyboard */; };
		7E5D1487208A043B001271B3 /* StatusViewController.swift in Sources */ = {isa = PBXBuildFile; fileRef = 7E5D1485208A043B001271B3 /* StatusViewController.swift */; };
		7E5D14C0208A046D001271B3 /* FocusSquareSegment.swift in Sources */ = {isa = PBXBuildFile; fileRef = 7E5D14BE208A046D001271B3 /* FocusSquareSegment.swift */; };
		7E5D14C1208A046D001271B3 /* FocusSquare.swift in Sources */ = {isa = PBXBuildFile; fileRef = 7E5D14BF208A046D001271B3 /* FocusSquare.swift */; };
		7E5D14C4208A0478001271B3 /* Models.scnassets in Resources */ = {isa = PBXBuildFile; fileRef = 7E5D14C3208A0477001271B3 /* Models.scnassets */; };
		7E5D14CD208A0481001271B3 /* Constants.swift in Sources */ = {isa = PBXBuildFile; fileRef = 7E5D14C6208A0481001271B3 /* Constants.swift */; };
		7E5D14CE208A0481001271B3 /* SCScrollView.swift in Sources */ = {isa = PBXBuildFile; fileRef = 7E5D14C7208A0481001271B3 /* SCScrollView.swift */; };
		7E5D14CF208A0481001271B3 /* SegmentedControl.swift in Sources */ = {isa = PBXBuildFile; fileRef = 7E5D14C8208A0481001271B3 /* SegmentedControl.swift */; };
		7E5D14D0208A0481001271B3 /* Info.plist in Resources */ = {isa = PBXBuildFile; fileRef = 7E5D14CA208A0481001271B3 /* Info.plist */; };
		7E5D14D1208A0481001271B3 /* Protocols.swift in Sources */ = {isa = PBXBuildFile; fileRef = 7E5D14CB208A0481001271B3 /* Protocols.swift */; };
		7E5D14D2208A0481001271B3 /* Style.swift in Sources */ = {isa = PBXBuildFile; fileRef = 7E5D14CC208A0481001271B3 /* Style.swift */; };
		7E5D14D5208A048F001271B3 /* ThresholdPanGesture.swift in Sources */ = {isa = PBXBuildFile; fileRef = 7E5D14D3208A048F001271B3 /* ThresholdPanGesture.swift */; };
		7E5D14D6208A048F001271B3 /* SquishButton.swift in Sources */ = {isa = PBXBuildFile; fileRef = 7E5D14D4208A048F001271B3 /* SquishButton.swift */; };
		7E5D14D9208A0497001271B3 /* Utilities.swift in Sources */ = {isa = PBXBuildFile; fileRef = 7E5D14D8208A0497001271B3 /* Utilities.swift */; };
		7E5D14DD208A04A2001271B3 /* ARViewController+Actions.swift in Sources */ = {isa = PBXBuildFile; fileRef = 7E5D14DA208A04A1001271B3 /* ARViewController+Actions.swift */; };
		7E5D14DE208A04A2001271B3 /* ARViewController+ARSCNViewDelegate.swift in Sources */ = {isa = PBXBuildFile; fileRef = 7E5D14DB208A04A2001271B3 /* ARViewController+ARSCNViewDelegate.swift */; };
		7E5D14DF208A04A2001271B3 /* ARViewController+ObjectSelection.swift in Sources */ = {isa = PBXBuildFile; fileRef = 7E5D14DC208A04A2001271B3 /* ARViewController+ObjectSelection.swift */; };
		7E5D14E3208A04AB001271B3 /* VirtualObjectLoader.swift in Sources */ = {isa = PBXBuildFile; fileRef = 7E5D14E1208A04AB001271B3 /* VirtualObjectLoader.swift */; };
		7E5D14E4208A04AB001271B3 /* VirtualObject.swift in Sources */ = {isa = PBXBuildFile; fileRef = 7E5D14E2208A04AB001271B3 /* VirtualObject.swift */; };
		7E5D14E7208A04C0001271B3 /* VirtualObjectInteraction.swift in Sources */ = {isa = PBXBuildFile; fileRef = 7E5D14E5208A04C0001271B3 /* VirtualObjectInteraction.swift */; };
		7E5D14E8208A04C0001271B3 /* VirtualObjectARView.swift in Sources */ = {isa = PBXBuildFile; fileRef = 7E5D14E6208A04C0001271B3 /* VirtualObjectARView.swift */; };
		7E5D14EA208A0AEF001271B3 /* HomeViewController.swift in Sources */ = {isa = PBXBuildFile; fileRef = 7E5D14E9208A0AEE001271B3 /* HomeViewController.swift */; };
		7E640746208D912400258854 /* HFPageCollectionLayout.swift in Sources */ = {isa = PBXBuildFile; fileRef = 7E640740208D912300258854 /* HFPageCollectionLayout.swift */; };
		7E640747208D912400258854 /* HFTitleView.swift in Sources */ = {isa = PBXBuildFile; fileRef = 7E640741208D912300258854 /* HFTitleView.swift */; };
		7E640748208D912400258854 /* UIColor-Extension.swift in Sources */ = {isa = PBXBuildFile; fileRef = 7E640742208D912300258854 /* UIColor-Extension.swift */; };
		7E640749208D912400258854 /* HFPageCollectionView.swift in Sources */ = {isa = PBXBuildFile; fileRef = 7E640743208D912300258854 /* HFPageCollectionView.swift */; };
		7E64074A208D912400258854 /* HFContentView.swift in Sources */ = {isa = PBXBuildFile; fileRef = 7E640744208D912300258854 /* HFContentView.swift */; };
		7E64074B208D912400258854 /* HFPageView.swift in Sources */ = {isa = PBXBuildFile; fileRef = 7E640745208D912300258854 /* HFPageView.swift */; };
		7E64074E208D913900258854 /* PresentBottomController.swift in Sources */ = {isa = PBXBuildFile; fileRef = 7E64074D208D913900258854 /* PresentBottomController.swift */; };
		7E640751208D915100258854 /* VirtualObjectCollectionViewCell.xib in Resources */ = {isa = PBXBuildFile; fileRef = 7E64074F208D915100258854 /* VirtualObjectCollectionViewCell.xib */; };
		7E640752208D915100258854 /* VirtualObjectCollectionViewCell.swift in Sources */ = {isa = PBXBuildFile; fileRef = 7E640750208D915100258854 /* VirtualObjectCollectionViewCell.swift */; };
		7E640754208D91D900258854 /* virtualObjectSelectionViewController.swift in Sources */ = {isa = PBXBuildFile; fileRef = 7E640753208D91D900258854 /* virtualObjectSelectionViewController.swift */; };
		7E640759208DE1A300258854 /* playerneed.mp4 in Resources */ = {isa = PBXBuildFile; fileRef = 7E640756208DE1A300258854 /* playerneed.mp4 */; };
		7E64075A208DE1A300258854 /* Player.swift in Sources */ = {isa = PBXBuildFile; fileRef = 7E640758208DE1A300258854 /* Player.swift */; };
		7E671C48209C4F1500F6749D /* datadic.plist in Resources */ = {isa = PBXBuildFile; fileRef = 7E671C47209C4F1400F6749D /* datadic.plist */; };
/* End PBXBuildFile section */

/* Begin PBXFileReference section */
		273F10983FDFCC993AEFDCCD /* Pods-ARBear.release.xcconfig */ = {isa = PBXFileReference; includeInIndex = 1; lastKnownFileType = text.xcconfig; name = "Pods-ARBear.release.xcconfig"; path = "Pods/Target Support Files/Pods-ARBear/Pods-ARBear.release.xcconfig"; sourceTree = "<group>"; };
		7E2C52FB208EC7CD00D3DB77 /* ARInputViewOptions.swift */ = {isa = PBXFileReference; fileEncoding = 4; lastKnownFileType = sourcecode.swift; path = ARInputViewOptions.swift; sourceTree = "<group>"; };
		7E2C52FC208EC7CD00D3DB77 /* ARVideoOptions.swift */ = {isa = PBXFileReference; fileEncoding = 4; lastKnownFileType = sourcecode.swift; path = ARVideoOptions.swift; sourceTree = "<group>"; };
		7E2C52FD208EC7CD00D3DB77 /* ARVideoKit.h */ = {isa = PBXFileReference; fileEncoding = 4; lastKnownFileType = sourcecode.c.h; path = ARVideoKit.h; sourceTree = "<group>"; };
		7E2C52FF208EC7CD00D3DB77 /* RecordAR+PhotoRender.swift */ = {isa = PBXFileReference; fileEncoding = 4; lastKnownFileType = sourcecode.swift; path = "RecordAR+PhotoRender.swift"; sourceTree = "<group>"; };
		7E2C5300208EC7CD00D3DB77 /* CGImage+Resize.swift */ = {isa = PBXFileReference; fileEncoding = 4; lastKnownFileType = sourcecode.swift; path = "CGImage+Resize.swift"; sourceTree = "<group>"; };
		7E2C5301208EC7CD00D3DB77 /* UIViewController+hasType.swift */ = {isa = PBXFileReference; fileEncoding = 4; lastKnownFileType = sourcecode.swift; path = "UIViewController+hasType.swift"; sourceTree = "<group>"; };
		7E2C5302208EC7CD00D3DB77 /* UIImage+VideoBuffer.swift */ = {isa = PBXFileReference; fileEncoding = 4; lastKnownFileType = sourcecode.swift; path = "UIImage+VideoBuffer.swift"; sourceTree = "<group>"; };
		7E2C5303208EC7CD00D3DB77 /* UIView+isType.swift */ = {isa = PBXFileReference; fileEncoding = 4; lastKnownFileType = sourcecode.swift; path = "UIView+isType.swift"; sourceTree = "<group>"; };
		7E2C5305208EC7CD00D3DB77 /* RecordAR.swift */ = {isa = PBXFileReference; fileEncoding = 4; lastKnownFileType = sourcecode.swift; path = RecordAR.swift; sourceTree = "<group>"; };
		7E2C5306208EC7CD00D3DB77 /* ARView.swift */ = {isa = PBXFileReference; fileEncoding = 4; lastKnownFileType = sourcecode.swift; path = ARView.swift; sourceTree = "<group>"; };
		7E2C5307208EC7CD00D3DB77 /* ViewAR.swift */ = {isa = PBXFileReference; fileEncoding = 4; lastKnownFileType = sourcecode.swift; path = ViewAR.swift; sourceTree = "<group>"; };
		7E2C530A208EC7CD00D3DB77 /* LoveLiver_LICENSE */ = {isa = PBXFileReference; fileEncoding = 4; lastKnownFileType = text; path = LoveLiver_LICENSE; sourceTree = "<group>"; };
		7E2C530B208EC7CD00D3DB77 /* PHLivePhotoPlus.swift */ = {isa = PBXFileReference; fileEncoding = 4; lastKnownFileType = sourcecode.swift; path = PHLivePhotoPlus.swift; sourceTree = "<group>"; };
		7E2C530C208EC7CD00D3DB77 /* Generate+LivePhoto.swift */ = {isa = PBXFileReference; fileEncoding = 4; lastKnownFileType = sourcecode.swift; path = "Generate+LivePhoto.swift"; sourceTree = "<group>"; };
		7E2C530D208EC7CD00D3DB77 /* JPEG.swift */ = {isa = PBXFileReference; fileEncoding = 4; lastKnownFileType = sourcecode.swift; path = JPEG.swift; sourceTree = "<group>"; };
		7E2C530E208EC7CD00D3DB77 /* QuickTimeMov.swift */ = {isa = PBXFileReference; fileEncoding = 4; lastKnownFileType = sourcecode.swift; path = QuickTimeMov.swift; sourceTree = "<group>"; };
		7E2C5310208EC7CD00D3DB77 /* WritAR.swift */ = {isa = PBXFileReference; fileEncoding = 4; lastKnownFileType = sourcecode.swift; path = WritAR.swift; sourceTree = "<group>"; };
		7E2C5311208EC7CD00D3DB77 /* RenderAR.swift */ = {isa = PBXFileReference; fileEncoding = 4; lastKnownFileType = sourcecode.swift; path = RenderAR.swift; sourceTree = "<group>"; };
		7E2C5313208EC7CD00D3DB77 /* Generate+GIF.swift */ = {isa = PBXFileReference; fileEncoding = 4; lastKnownFileType = sourcecode.swift; path = "Generate+GIF.swift"; sourceTree = "<group>"; };
		7E2C5315208EC7CD00D3DB77 /* video.scnassets */ = {isa = PBXFileReference; lastKnownFileType = wrapper.scnassets; path = video.scnassets; sourceTree = "<group>"; };
		7E2C5317208EC7CD00D3DB77 /* RenderARDelegate.swift */ = {isa = PBXFileReference; fileEncoding = 4; lastKnownFileType = sourcecode.swift; path = RenderARDelegate.swift; sourceTree = "<group>"; };
		7E2C5318208EC7CD00D3DB77 /* RecordARDelegate.swift */ = {isa = PBXFileReference; fileEncoding = 4; lastKnownFileType = sourcecode.swift; path = RecordARDelegate.swift; sourceTree = "<group>"; };
		7E2C5331208F34FA00D3DB77 /* Images.bundle */ = {isa = PBXFileReference; lastKnownFileType = "wrapper.plug-in"; path = Images.bundle; sourceTree = "<group>"; };
		7E33D024209BF7F700D606B3 /* data.plist */ = {isa = PBXFileReference; fileEncoding = 4; lastKnownFileType = text.plist.xml; path = data.plist; sourceTree = "<group>"; };
		7E33D027209BFEBE00D606B3 /* ArtModel.swift */ = {isa = PBXFileReference; lastKnownFileType = sourcecode.swift; path = ArtModel.swift; sourceTree = "<group>"; };
		7E5D146A208A00B7001271B3 /* ARBear.app */ = {isa = PBXFileReference; explicitFileType = wrapper.application; includeInIndex = 0; path = ARBear.app; sourceTree = BUILT_PRODUCTS_DIR; };
		7E5D146D208A00B7001271B3 /* AppDelegate.swift */ = {isa = PBXFileReference; lastKnownFileType = sourcecode.swift; path = AppDelegate.swift; sourceTree = "<group>"; };
		7E5D1471208A00B7001271B3 /* ARViewController.swift */ = {isa = PBXFileReference; lastKnownFileType = sourcecode.swift; path = ARViewController.swift; sourceTree = "<group>"; };
		7E5D1474208A00B7001271B3 /* Base */ = {isa = PBXFileReference; lastKnownFileType = file.storyboard; name = Base; path = Base.lproj/Main.storyboard; sourceTree = "<group>"; };
		7E5D1476208A00B8001271B3 /* Assets.xcassets */ = {isa = PBXFileReference; lastKnownFileType = folder.assetcatalog; path = Assets.xcassets; sourceTree = "<group>"; };
		7E5D1479208A00B8001271B3 /* Base */ = {isa = PBXFileReference; lastKnownFileType = file.storyboard; name = Base; path = Base.lproj/LaunchScreen.storyboard; sourceTree = "<group>"; };
		7E5D147B208A00B8001271B3 /* Info.plist */ = {isa = PBXFileReference; lastKnownFileType = text.plist.xml; path = Info.plist; sourceTree = "<group>"; };
		7E5D1481208A02E6001271B3 /* ARMain.storyboard */ = {isa = PBXFileReference; fileEncoding = 4; lastKnownFileType = file.storyboard; path = ARMain.storyboard; sourceTree = "<group>"; };
		7E5D1485208A043B001271B3 /* StatusViewController.swift */ = {isa = PBXFileReference; fileEncoding = 4; lastKnownFileType = sourcecode.swift; path = StatusViewController.swift; sourceTree = "<group>"; };
		7E5D14BE208A046D001271B3 /* FocusSquareSegment.swift */ = {isa = PBXFileReference; fileEncoding = 4; lastKnownFileType = sourcecode.swift; path = FocusSquareSegment.swift; sourceTree = "<group>"; };
		7E5D14BF208A046D001271B3 /* FocusSquare.swift */ = {isa = PBXFileReference; fileEncoding = 4; lastKnownFileType = sourcecode.swift; path = FocusSquare.swift; sourceTree = "<group>"; };
		7E5D14C3208A0477001271B3 /* Models.scnassets */ = {isa = PBXFileReference; lastKnownFileType = wrapper.scnassets; path = Models.scnassets; sourceTree = "<group>"; };
		7E5D14C6208A0481001271B3 /* Constants.swift */ = {isa = PBXFileReference; fileEncoding = 4; lastKnownFileType = sourcecode.swift; path = Constants.swift; sourceTree = "<group>"; };
		7E5D14C7208A0481001271B3 /* SCScrollView.swift */ = {isa = PBXFileReference; fileEncoding = 4; lastKnownFileType = sourcecode.swift; path = SCScrollView.swift; sourceTree = "<group>"; };
		7E5D14C8208A0481001271B3 /* SegmentedControl.swift */ = {isa = PBXFileReference; fileEncoding = 4; lastKnownFileType = sourcecode.swift; path = SegmentedControl.swift; sourceTree = "<group>"; };
		7E5D14CA208A0481001271B3 /* Info.plist */ = {isa = PBXFileReference; fileEncoding = 4; lastKnownFileType = text.plist.xml; path = Info.plist; sourceTree = "<group>"; };
		7E5D14CB208A0481001271B3 /* Protocols.swift */ = {isa = PBXFileReference; fileEncoding = 4; lastKnownFileType = sourcecode.swift; path = Protocols.swift; sourceTree = "<group>"; };
		7E5D14CC208A0481001271B3 /* Style.swift */ = {isa = PBXFileReference; fileEncoding = 4; lastKnownFileType = sourcecode.swift; path = Style.swift; sourceTree = "<group>"; };
		7E5D14D3208A048F001271B3 /* ThresholdPanGesture.swift */ = {isa = PBXFileReference; fileEncoding = 4; lastKnownFileType = sourcecode.swift; path = ThresholdPanGesture.swift; sourceTree = "<group>"; };
		7E5D14D4208A048F001271B3 /* SquishButton.swift */ = {isa = PBXFileReference; fileEncoding = 4; lastKnownFileType = sourcecode.swift; path = SquishButton.swift; sourceTree = "<group>"; };
		7E5D14D8208A0497001271B3 /* Utilities.swift */ = {isa = PBXFileReference; fileEncoding = 4; lastKnownFileType = sourcecode.swift; path = Utilities.swift; sourceTree = "<group>"; };
		7E5D14DA208A04A1001271B3 /* ARViewController+Actions.swift */ = {isa = PBXFileReference; fileEncoding = 4; lastKnownFileType = sourcecode.swift; path = "ARViewController+Actions.swift"; sourceTree = "<group>"; };
		7E5D14DB208A04A2001271B3 /* ARViewController+ARSCNViewDelegate.swift */ = {isa = PBXFileReference; fileEncoding = 4; lastKnownFileType = sourcecode.swift; path = "ARViewController+ARSCNViewDelegate.swift"; sourceTree = "<group>"; };
		7E5D14DC208A04A2001271B3 /* ARViewController+ObjectSelection.swift */ = {isa = PBXFileReference; fileEncoding = 4; lastKnownFileType = sourcecode.swift; path = "ARViewController+ObjectSelection.swift"; sourceTree = "<group>"; };
		7E5D14E1208A04AB001271B3 /* VirtualObjectLoader.swift */ = {isa = PBXFileReference; fileEncoding = 4; lastKnownFileType = sourcecode.swift; path = VirtualObjectLoader.swift; sourceTree = "<group>"; };
		7E5D14E2208A04AB001271B3 /* VirtualObject.swift */ = {isa = PBXFileReference; fileEncoding = 4; lastKnownFileType = sourcecode.swift; path = VirtualObject.swift; sourceTree = "<group>"; };
		7E5D14E5208A04C0001271B3 /* VirtualObjectInteraction.swift */ = {isa = PBXFileReference; fileEncoding = 4; lastKnownFileType = sourcecode.swift; path = VirtualObjectInteraction.swift; sourceTree = "<group>"; };
		7E5D14E6208A04C0001271B3 /* VirtualObjectARView.swift */ = {isa = PBXFileReference; fileEncoding = 4; lastKnownFileType = sourcecode.swift; path = VirtualObjectARView.swift; sourceTree = "<group>"; };
		7E5D14E9208A0AEE001271B3 /* HomeViewController.swift */ = {isa = PBXFileReference; fileEncoding = 4; lastKnownFileType = sourcecode.swift; path = HomeViewController.swift; sourceTree = "<group>"; };
		7E640740208D912300258854 /* HFPageCollectionLayout.swift */ = {isa = PBXFileReference; fileEncoding = 4; lastKnownFileType = sourcecode.swift; path = HFPageCollectionLayout.swift; sourceTree = "<group>"; };
		7E640741208D912300258854 /* HFTitleView.swift */ = {isa = PBXFileReference; fileEncoding = 4; lastKnownFileType = sourcecode.swift; path = HFTitleView.swift; sourceTree = "<group>"; };
		7E640742208D912300258854 /* UIColor-Extension.swift */ = {isa = PBXFileReference; fileEncoding = 4; lastKnownFileType = sourcecode.swift; path = "UIColor-Extension.swift"; sourceTree = "<group>"; };
		7E640743208D912300258854 /* HFPageCollectionView.swift */ = {isa = PBXFileReference; fileEncoding = 4; lastKnownFileType = sourcecode.swift; path = HFPageCollectionView.swift; sourceTree = "<group>"; };
		7E640744208D912300258854 /* HFContentView.swift */ = {isa = PBXFileReference; fileEncoding = 4; lastKnownFileType = sourcecode.swift; path = HFContentView.swift; sourceTree = "<group>"; };
		7E640745208D912300258854 /* HFPageView.swift */ = {isa = PBXFileReference; fileEncoding = 4; lastKnownFileType = sourcecode.swift; path = HFPageView.swift; sourceTree = "<group>"; };
		7E64074D208D913900258854 /* PresentBottomController.swift */ = {isa = PBXFileReference; fileEncoding = 4; lastKnownFileType = sourcecode.swift; path = PresentBottomController.swift; sourceTree = "<group>"; };
		7E64074F208D915100258854 /* VirtualObjectCollectionViewCell.xib */ = {isa = PBXFileReference; fileEncoding = 4; lastKnownFileType = file.xib; path = VirtualObjectCollectionViewCell.xib; sourceTree = "<group>"; };
		7E640750208D915100258854 /* VirtualObjectCollectionViewCell.swift */ = {isa = PBXFileReference; fileEncoding = 4; lastKnownFileType = sourcecode.swift; path = VirtualObjectCollectionViewCell.swift; sourceTree = "<group>"; };
		7E640753208D91D900258854 /* virtualObjectSelectionViewController.swift */ = {isa = PBXFileReference; lastKnownFileType = sourcecode.swift; path = virtualObjectSelectionViewController.swift; sourceTree = "<group>"; };
		7E640756208DE1A300258854 /* playerneed.mp4 */ = {isa = PBXFileReference; lastKnownFileType = file; path = playerneed.mp4; sourceTree = "<group>"; };
		7E640757208DE1A300258854 /* Player.h */ = {isa = PBXFileReference; fileEncoding = 4; lastKnownFileType = sourcecode.c.h; path = Player.h; sourceTree = "<group>"; };
		7E640758208DE1A300258854 /* Player.swift */ = {isa = PBXFileReference; fileEncoding = 4; lastKnownFileType = sourcecode.swift; path = Player.swift; sourceTree = "<group>"; };
		7E671C47209C4F1400F6749D /* datadic.plist */ = {isa = PBXFileReference; fileEncoding = 4; lastKnownFileType = text.plist.xml; path = datadic.plist; sourceTree = "<group>"; };
		9F65B20AD84042B3094996DC /* Pods_ARBear.framework */ = {isa = PBXFileReference; explicitFileType = wrapper.framework; includeInIndex = 0; path = Pods_ARBear.framework; sourceTree = BUILT_PRODUCTS_DIR; };
		A08105415B3D678F87F5BF04 /* Pods-ARBear.debug.xcconfig */ = {isa = PBXFileReference; includeInIndex = 1; lastKnownFileType = text.xcconfig; name = "Pods-ARBear.debug.xcconfig"; path = "Pods/Target Support Files/Pods-ARBear/Pods-ARBear.debug.xcconfig"; sourceTree = "<group>"; };
/* End PBXFileReference section */

/* Begin PBXFrameworksBuildPhase section */
		7E5D1467208A00B7001271B3 /* Frameworks */ = {
			isa = PBXFrameworksBuildPhase;
			buildActionMask = 2147483647;
			files = (
				3861139F1A8C3C37CE12618D /* Pods_ARBear.framework in Frameworks */,
			);
			runOnlyForDeploymentPostprocessing = 0;
		};
/* End PBXFrameworksBuildPhase section */

/* Begin PBXGroup section */
		7E2C52F9208EC7CD00D3DB77 /* ARVideoKit */ = {
			isa = PBXGroup;
			children = (
				7E2C52FA208EC7CD00D3DB77 /* Enumerations */,
				7E2C52FD208EC7CD00D3DB77 /* ARVideoKit.h */,
				7E2C52FE208EC7CD00D3DB77 /* Extensions */,
				7E2C5304208EC7CD00D3DB77 /* Sources */,
				7E2C5308208EC7CD00D3DB77 /* Rendering */,
				7E2C5314208EC7CD00D3DB77 /* Assets */,
				7E2C5316208EC7CD00D3DB77 /* Protocols */,
			);
			path = ARVideoKit;
			sourceTree = "<group>";
		};
		7E2C52FA208EC7CD00D3DB77 /* Enumerations */ = {
			isa = PBXGroup;
			children = (
				7E2C52FB208EC7CD00D3DB77 /* ARInputViewOptions.swift */,
				7E2C52FC208EC7CD00D3DB77 /* ARVideoOptions.swift */,
			);
			path = Enumerations;
			sourceTree = "<group>";
		};
		7E2C52FE208EC7CD00D3DB77 /* Extensions */ = {
			isa = PBXGroup;
			children = (
				7E2C52FF208EC7CD00D3DB77 /* RecordAR+PhotoRender.swift */,
				7E2C5300208EC7CD00D3DB77 /* CGImage+Resize.swift */,
				7E2C5301208EC7CD00D3DB77 /* UIViewController+hasType.swift */,
				7E2C5302208EC7CD00D3DB77 /* UIImage+VideoBuffer.swift */,
				7E2C5303208EC7CD00D3DB77 /* UIView+isType.swift */,
			);
			path = Extensions;
			sourceTree = "<group>";
		};
		7E2C5304208EC7CD00D3DB77 /* Sources */ = {
			isa = PBXGroup;
			children = (
				7E2C5305208EC7CD00D3DB77 /* RecordAR.swift */,
				7E2C5306208EC7CD00D3DB77 /* ARView.swift */,
				7E2C5307208EC7CD00D3DB77 /* ViewAR.swift */,
			);
			path = Sources;
			sourceTree = "<group>";
		};
		7E2C5308208EC7CD00D3DB77 /* Rendering */ = {
			isa = PBXGroup;
			children = (
				7E2C5309208EC7CD00D3DB77 /* Live Photo */,
				7E2C530F208EC7CD00D3DB77 /* Writer */,
				7E2C5311208EC7CD00D3DB77 /* RenderAR.swift */,
				7E2C5312208EC7CD00D3DB77 /* GIF */,
			);
			path = Rendering;
			sourceTree = "<group>";
		};
		7E2C5309208EC7CD00D3DB77 /* Live Photo */ = {
			isa = PBXGroup;
			children = (
				7E2C530A208EC7CD00D3DB77 /* LoveLiver_LICENSE */,
				7E2C530B208EC7CD00D3DB77 /* PHLivePhotoPlus.swift */,
				7E2C530C208EC7CD00D3DB77 /* Generate+LivePhoto.swift */,
				7E2C530D208EC7CD00D3DB77 /* JPEG.swift */,
				7E2C530E208EC7CD00D3DB77 /* QuickTimeMov.swift */,
			);
			path = "Live Photo";
			sourceTree = "<group>";
		};
		7E2C530F208EC7CD00D3DB77 /* Writer */ = {
			isa = PBXGroup;
			children = (
				7E2C5310208EC7CD00D3DB77 /* WritAR.swift */,
			);
			path = Writer;
			sourceTree = "<group>";
		};
		7E2C5312208EC7CD00D3DB77 /* GIF */ = {
			isa = PBXGroup;
			children = (
				7E2C5313208EC7CD00D3DB77 /* Generate+GIF.swift */,
			);
			path = GIF;
			sourceTree = "<group>";
		};
		7E2C5314208EC7CD00D3DB77 /* Assets */ = {
			isa = PBXGroup;
			children = (
				7E2C5315208EC7CD00D3DB77 /* video.scnassets */,
			);
			path = Assets;
			sourceTree = "<group>";
		};
		7E2C5316208EC7CD00D3DB77 /* Protocols */ = {
			isa = PBXGroup;
			children = (
				7E2C5317208EC7CD00D3DB77 /* RenderARDelegate.swift */,
				7E2C5318208EC7CD00D3DB77 /* RecordARDelegate.swift */,
			);
			path = Protocols;
			sourceTree = "<group>";
		};
		7E33D026209BFD9100D606B3 /* Additional Models */ = {
			isa = PBXGroup;
			children = (
				7E33D027209BFEBE00D606B3 /* ArtModel.swift */,
			);
			name = "Additional Models";
			path = "ARBear/Additional Models";
			sourceTree = SOURCE_ROOT;
		};
		7E5D1461208A00B7001271B3 = {
			isa = PBXGroup;
			children = (
				7E5D146C208A00B7001271B3 /* ARBear */,
				7E5D146B208A00B7001271B3 /* Products */,
				F4F5C6AFF5B1207C2F4537EA /* Pods */,
				C80225F6F63EF448593C77EF /* Frameworks */,
			);
			sourceTree = "<group>";
		};
		7E5D146B208A00B7001271B3 /* Products */ = {
			isa = PBXGroup;
			children = (
				7E5D146A208A00B7001271B3 /* ARBear.app */,
			);
			name = Products;
			sourceTree = "<group>";
		};
		7E5D146C208A00B7001271B3 /* ARBear */ = {
			isa = PBXGroup;
			children = (
				7E2C52F9208EC7CD00D3DB77 /* ARVideoKit */,
				7E640755208DE1A300258854 /* Player */,
				7E64074C208D913900258854 /* PresentBottomVC */,
				7E64073F208D912300258854 /* PageView */,
				7E5D14C5208A0481001271B3 /* SegmentedControl */,
				7E5D14D4208A048F001271B3 /* SquishButton.swift */,
				7E5D1471208A00B7001271B3 /* ARViewController.swift */,
				7E5D14DA208A04A1001271B3 /* ARViewController+Actions.swift */,
				7E5D14DB208A04A2001271B3 /* ARViewController+ARSCNViewDelegate.swift */,
				7E5D14DC208A04A2001271B3 /* ARViewController+ObjectSelection.swift */,
				7E5D14D3208A048F001271B3 /* ThresholdPanGesture.swift */,
				7E5D14E6208A04C0001271B3 /* VirtualObjectARView.swift */,
				7E5D14E5208A04C0001271B3 /* VirtualObjectInteraction.swift */,
				7E5D14E0208A04AB001271B3 /* Virtual Objects */,
				7E5D14D7208A0497001271B3 /* Utilities */,
				7E5D14BD208A046D001271B3 /* Focus Square */,
				7E5D1483208A043B001271B3 /* Additional View Controllers */,
				7E33D026209BFD9100D606B3 /* Additional Models */,
				7E5D14C2208A0477001271B3 /* Resources */,
				7E5D146D208A00B7001271B3 /* AppDelegate.swift */,
				7E5D14E9208A0AEE001271B3 /* HomeViewController.swift */,
				7E5D1473208A00B7001271B3 /* Main.storyboard */,
				7E5D1478208A00B8001271B3 /* LaunchScreen.storyboard */,
				7E5D1476208A00B8001271B3 /* Assets.xcassets */,
				7E5D147B208A00B8001271B3 /* Info.plist */,
			);
			path = ARBear;
			sourceTree = "<group>";
		};
		7E5D1483208A043B001271B3 /* Additional View Controllers */ = {
			isa = PBXGroup;
			children = (
				7E640750208D915100258854 /* VirtualObjectCollectionViewCell.swift */,
				7E64074F208D915100258854 /* VirtualObjectCollectionViewCell.xib */,
				7E5D1485208A043B001271B3 /* StatusViewController.swift */,
				7E640753208D91D900258854 /* virtualObjectSelectionViewController.swift */,
			);
			path = "Additional View Controllers";
			sourceTree = "<group>";
		};
		7E5D14BD208A046D001271B3 /* Focus Square */ = {
			isa = PBXGroup;
			children = (
				7E5D14BE208A046D001271B3 /* FocusSquareSegment.swift */,
				7E5D14BF208A046D001271B3 /* FocusSquare.swift */,
			);
			path = "Focus Square";
			sourceTree = "<group>";
		};
		7E5D14C2208A0477001271B3 /* Resources */ = {
			isa = PBXGroup;
			children = (
				7E671C47209C4F1400F6749D /* datadic.plist */,
				7E33D024209BF7F700D606B3 /* data.plist */,
				7E2C5331208F34FA00D3DB77 /* Images.bundle */,
				7E5D14C3208A0477001271B3 /* Models.scnassets */,
				7E5D1481208A02E6001271B3 /* ARMain.storyboard */,
			);
			path = Resources;
			sourceTree = "<group>";
		};
		7E5D14C5208A0481001271B3 /* SegmentedControl */ = {
			isa = PBXGroup;
			children = (
				7E5D14C6208A0481001271B3 /* Constants.swift */,
				7E5D14C7208A0481001271B3 /* SCScrollView.swift */,
				7E5D14C8208A0481001271B3 /* SegmentedControl.swift */,
				7E5D14C9208A0481001271B3 /* Supporting Files */,
				7E5D14CB208A0481001271B3 /* Protocols.swift */,
				7E5D14CC208A0481001271B3 /* Style.swift */,
			);
			path = SegmentedControl;
			sourceTree = "<group>";
		};
		7E5D14C9208A0481001271B3 /* Supporting Files */ = {
			isa = PBXGroup;
			children = (
				7E5D14CA208A0481001271B3 /* Info.plist */,
			);
			path = "Supporting Files";
			sourceTree = "<group>";
		};
		7E5D14D7208A0497001271B3 /* Utilities */ = {
			isa = PBXGroup;
			children = (
				7E5D14D8208A0497001271B3 /* Utilities.swift */,
			);
			path = Utilities;
			sourceTree = "<group>";
		};
		7E5D14E0208A04AB001271B3 /* Virtual Objects */ = {
			isa = PBXGroup;
			children = (
				7E5D14E1208A04AB001271B3 /* VirtualObjectLoader.swift */,
				7E5D14E2208A04AB001271B3 /* VirtualObject.swift */,
			);
			path = "Virtual Objects";
			sourceTree = "<group>";
		};
		7E64073F208D912300258854 /* PageView */ = {
			isa = PBXGroup;
			children = (
				7E640740208D912300258854 /* HFPageCollectionLayout.swift */,
				7E640741208D912300258854 /* HFTitleView.swift */,
				7E640742208D912300258854 /* UIColor-Extension.swift */,
				7E640743208D912300258854 /* HFPageCollectionView.swift */,
				7E640744208D912300258854 /* HFContentView.swift */,
				7E640745208D912300258854 /* HFPageView.swift */,
			);
			path = PageView;
			sourceTree = "<group>";
		};
		7E64074C208D913900258854 /* PresentBottomVC */ = {
			isa = PBXGroup;
			children = (
				7E64074D208D913900258854 /* PresentBottomController.swift */,
			);
			path = PresentBottomVC;
			sourceTree = "<group>";
		};
		7E640755208DE1A300258854 /* Player */ = {
			isa = PBXGroup;
			children = (
				7E640756208DE1A300258854 /* playerneed.mp4 */,
				7E640757208DE1A300258854 /* Player.h */,
				7E640758208DE1A300258854 /* Player.swift */,
			);
			path = Player;
			sourceTree = "<group>";
		};
		C80225F6F63EF448593C77EF /* Frameworks */ = {
			isa = PBXGroup;
			children = (
				9F65B20AD84042B3094996DC /* Pods_ARBear.framework */,
			);
			name = Frameworks;
			sourceTree = "<group>";
		};
		F4F5C6AFF5B1207C2F4537EA /* Pods */ = {
			isa = PBXGroup;
			children = (
				A08105415B3D678F87F5BF04 /* Pods-ARBear.debug.xcconfig */,
				273F10983FDFCC993AEFDCCD /* Pods-ARBear.release.xcconfig */,
			);
			name = Pods;
			sourceTree = "<group>";
		};
/* End PBXGroup section */

/* Begin PBXNativeTarget section */
		7E5D1469208A00B7001271B3 /* ARBear */ = {
			isa = PBXNativeTarget;
			buildConfigurationList = 7E5D147E208A00B8001271B3 /* Build configuration list for PBXNativeTarget "ARBear" */;
			buildPhases = (
				AD215EDDCCC59689A8A3353A /* [CP] Check Pods Manifest.lock */,
				7E5D1466208A00B7001271B3 /* Sources */,
				7E5D1467208A00B7001271B3 /* Frameworks */,
				7E5D1468208A00B7001271B3 /* Resources */,
				50EFB5130C4C61B6D9F173E6 /* [CP] Embed Pods Frameworks */,
				F1AA8BEAD80FA1E1E01C5702 /* [CP] Copy Pods Resources */,
			);
			buildRules = (
			);
			dependencies = (
			);
			name = ARBear;
			productName = ARBear;
			productReference = 7E5D146A208A00B7001271B3 /* ARBear.app */;
			productType = "com.apple.product-type.application";
		};
/* End PBXNativeTarget section */

/* Begin PBXProject section */
		7E5D1462208A00B7001271B3 /* Project object */ = {
			isa = PBXProject;
			attributes = {
				LastSwiftUpdateCheck = 0930;
				LastUpgradeCheck = 0930;
				ORGANIZATIONNAME = mac126;
				TargetAttributes = {
					7E5D1469208A00B7001271B3 = {
						CreatedOnToolsVersion = 9.3;
					};
				};
			};
			buildConfigurationList = 7E5D1465208A00B7001271B3 /* Build configuration list for PBXProject "ARBear" */;
			compatibilityVersion = "Xcode 9.3";
			developmentRegion = en;
			hasScannedForEncodings = 0;
			knownRegions = (
				en,
				Base,
			);
			mainGroup = 7E5D1461208A00B7001271B3;
			productRefGroup = 7E5D146B208A00B7001271B3 /* Products */;
			projectDirPath = "";
			projectRoot = "";
			targets = (
				7E5D1469208A00B7001271B3 /* ARBear */,
			);
		};
/* End PBXProject section */

/* Begin PBXResourcesBuildPhase section */
		7E5D1468208A00B7001271B3 /* Resources */ = {
			isa = PBXResourcesBuildPhase;
			buildActionMask = 2147483647;
			files = (
				7E5D14D0208A0481001271B3 /* Info.plist in Resources */,
				7E2C532B208EC7CD00D3DB77 /* video.scnassets in Resources */,
				7E671C48209C4F1500F6749D /* datadic.plist in Resources */,
				7E640759208DE1A300258854 /* playerneed.mp4 in Resources */,
				7E2C5332208F34FA00D3DB77 /* Images.bundle in Resources */,
				7E640751208D915100258854 /* VirtualObjectCollectionViewCell.xib in Resources */,
				7E5D1482208A02E6001271B3 /* ARMain.storyboard in Resources */,
				7E33D025209BF7F700D606B3 /* data.plist in Resources */,
				7E5D147A208A00B8001271B3 /* LaunchScreen.storyboard in Resources */,
				7E5D1477208A00B8001271B3 /* Assets.xcassets in Resources */,
				7E5D1475208A00B7001271B3 /* Main.storyboard in Resources */,
				7E2C5323208EC7CD00D3DB77 /* LoveLiver_LICENSE in Resources */,
				7E5D14C4208A0478001271B3 /* Models.scnassets in Resources */,
			);
			runOnlyForDeploymentPostprocessing = 0;
		};
/* End PBXResourcesBuildPhase section */

/* Begin PBXShellScriptBuildPhase section */
		50EFB5130C4C61B6D9F173E6 /* [CP] Embed Pods Frameworks */ = {
			isa = PBXShellScriptBuildPhase;
			buildActionMask = 2147483647;
			files = (
			);
			inputPaths = (
				"${SRCROOT}/Pods/Target Support Files/Pods-ARBear/Pods-ARBear-frameworks.sh",
				"${BUILT_PRODUCTS_DIR}/AFNetworking/AFNetworking.framework",
				"${BUILT_PRODUCTS_DIR}/SDWebImage/SDWebImage.framework",
				"${BUILT_PRODUCTS_DIR}/SSZipArchive/SSZipArchive.framework",
			);
			name = "[CP] Embed Pods Frameworks";
			outputPaths = (
				"${TARGET_BUILD_DIR}/${FRAMEWORKS_FOLDER_PATH}/AFNetworking.framework",
				"${TARGET_BUILD_DIR}/${FRAMEWORKS_FOLDER_PATH}/SDWebImage.framework",
				"${TARGET_BUILD_DIR}/${FRAMEWORKS_FOLDER_PATH}/SSZipArchive.framework",
			);
			runOnlyForDeploymentPostprocessing = 0;
			shellPath = /bin/sh;
			shellScript = "\"${SRCROOT}/Pods/Target Support Files/Pods-ARBear/Pods-ARBear-frameworks.sh\"\n";
			showEnvVarsInLog = 0;
		};
		AD215EDDCCC59689A8A3353A /* [CP] Check Pods Manifest.lock */ = {
			isa = PBXShellScriptBuildPhase;
			buildActionMask = 2147483647;
			files = (
			);
			inputPaths = (
				"${PODS_PODFILE_DIR_PATH}/Podfile.lock",
				"${PODS_ROOT}/Manifest.lock",
			);
			name = "[CP] Check Pods Manifest.lock";
			outputPaths = (
				"$(DERIVED_FILE_DIR)/Pods-ARBear-checkManifestLockResult.txt",
			);
			runOnlyForDeploymentPostprocessing = 0;
			shellPath = /bin/sh;
			shellScript = "diff \"${PODS_PODFILE_DIR_PATH}/Podfile.lock\" \"${PODS_ROOT}/Manifest.lock\" > /dev/null\nif [ $? != 0 ] ; then\n    # print error to STDERR\n    echo \"error: The sandbox is not in sync with the Podfile.lock. Run 'pod install' or update your CocoaPods installation.\" >&2\n    exit 1\nfi\n# This output is used by Xcode 'outputs' to avoid re-running this script phase.\necho \"SUCCESS\" > \"${SCRIPT_OUTPUT_FILE_0}\"\n";
			showEnvVarsInLog = 0;
		};
		F1AA8BEAD80FA1E1E01C5702 /* [CP] Copy Pods Resources */ = {
			isa = PBXShellScriptBuildPhase;
			buildActionMask = 2147483647;
			files = (
			);
			inputPaths = (
			);
			name = "[CP] Copy Pods Resources";
			outputPaths = (
			);
			runOnlyForDeploymentPostprocessing = 0;
			shellPath = /bin/sh;
			shellScript = "\"${SRCROOT}/Pods/Target Support Files/Pods-ARBear/Pods-ARBear-resources.sh\"\n";
			showEnvVarsInLog = 0;
		};
/* End PBXShellScriptBuildPhase section */

/* Begin PBXSourcesBuildPhase section */
		7E5D1466208A00B7001271B3 /* Sources */ = {
			isa = PBXSourcesBuildPhase;
			buildActionMask = 2147483647;
			files = (
				7E64074A208D912400258854 /* HFContentView.swift in Sources */,
				7E64074E208D913900258854 /* PresentBottomController.swift in Sources */,
				7E5D14E7208A04C0001271B3 /* VirtualObjectInteraction.swift in Sources */,
				7E5D14E4208A04AB001271B3 /* VirtualObject.swift in Sources */,
				7E640749208D912400258854 /* HFPageCollectionView.swift in Sources */,
				7E2C5321208EC7CD00D3DB77 /* ARView.swift in Sources */,
				7E5D14CF208A0481001271B3 /* SegmentedControl.swift in Sources */,
				7E5D14D5208A048F001271B3 /* ThresholdPanGesture.swift in Sources */,
				7E2C5328208EC7CD00D3DB77 /* WritAR.swift in Sources */,
				7E2C5325208EC7CD00D3DB77 /* Generate+LivePhoto.swift in Sources */,
				7E5D14E3208A04AB001271B3 /* VirtualObjectLoader.swift in Sources */,
				7E2C531B208EC7CD00D3DB77 /* RecordAR+PhotoRender.swift in Sources */,
				7E2C531C208EC7CD00D3DB77 /* CGImage+Resize.swift in Sources */,
				7E2C531A208EC7CD00D3DB77 /* ARVideoOptions.swift in Sources */,
				7E5D14D6208A048F001271B3 /* SquishButton.swift in Sources */,
				7E5D14C1208A046D001271B3 /* FocusSquare.swift in Sources */,
				7E5D14DE208A04A2001271B3 /* ARViewController+ARSCNViewDelegate.swift in Sources */,
				7E2C531F208EC7CD00D3DB77 /* UIView+isType.swift in Sources */,
				7E5D14CD208A0481001271B3 /* Constants.swift in Sources */,
				7E2C5320208EC7CD00D3DB77 /* RecordAR.swift in Sources */,
				7E64075A208DE1A300258854 /* Player.swift in Sources */,
				7E640746208D912400258854 /* HFPageCollectionLayout.swift in Sources */,
				7E5D14C0208A046D001271B3 /* FocusSquareSegment.swift in Sources */,
				7E5D1487208A043B001271B3 /* StatusViewController.swift in Sources */,
				7E640748208D912400258854 /* UIColor-Extension.swift in Sources */,
				7E640747208D912400258854 /* HFTitleView.swift in Sources */,
				7E5D14DF208A04A2001271B3 /* ARViewController+ObjectSelection.swift in Sources */,
				7E5D14CE208A0481001271B3 /* SCScrollView.swift in Sources */,
				7E5D1472208A00B7001271B3 /* ARViewController.swift in Sources */,
				7E5D14D2208A0481001271B3 /* Style.swift in Sources */,
				7E640754208D91D900258854 /* virtualObjectSelectionViewController.swift in Sources */,
				7E640752208D915100258854 /* VirtualObjectCollectionViewCell.swift in Sources */,
				7E2C531E208EC7CD00D3DB77 /* UIImage+VideoBuffer.swift in Sources */,
				7E2C5322208EC7CD00D3DB77 /* ViewAR.swift in Sources */,
				7E64074B208D912400258854 /* HFPageView.swift in Sources */,
				7E33D028209BFEBE00D606B3 /* ArtModel.swift in Sources */,
				7E5D14D9208A0497001271B3 /* Utilities.swift in Sources */,
				7E2C5326208EC7CD00D3DB77 /* JPEG.swift in Sources */,
				7E5D146E208A00B7001271B3 /* AppDelegate.swift in Sources */,
				7E5D14DD208A04A2001271B3 /* ARViewController+Actions.swift in Sources */,
				7E5D14E8208A04C0001271B3 /* VirtualObjectARView.swift in Sources */,
				7E2C5319208EC7CD00D3DB77 /* ARInputViewOptions.swift in Sources */,
				7E2C532A208EC7CD00D3DB77 /* Generate+GIF.swift in Sources */,
				7E2C5329208EC7CD00D3DB77 /* RenderAR.swift in Sources */,
				7E2C532C208EC7CD00D3DB77 /* RenderARDelegate.swift in Sources */,
				7E2C532D208EC7CD00D3DB77 /* RecordARDelegate.swift in Sources */,
				7E5D14D1208A0481001271B3 /* Protocols.swift in Sources */,
				7E2C5327208EC7CD00D3DB77 /* QuickTimeMov.swift in Sources */,
				7E5D14EA208A0AEF001271B3 /* HomeViewController.swift in Sources */,
				7E2C5324208EC7CD00D3DB77 /* PHLivePhotoPlus.swift in Sources */,
				7E2C531D208EC7CD00D3DB77 /* UIViewController+hasType.swift in Sources */,
			);
			runOnlyForDeploymentPostprocessing = 0;
		};
/* End PBXSourcesBuildPhase section */

/* Begin PBXVariantGroup section */
		7E5D1473208A00B7001271B3 /* Main.storyboard */ = {
			isa = PBXVariantGroup;
			children = (
				7E5D1474208A00B7001271B3 /* Base */,
			);
			name = Main.storyboard;
			sourceTree = "<group>";
		};
		7E5D1478208A00B8001271B3 /* LaunchScreen.storyboard */ = {
			isa = PBXVariantGroup;
			children = (
				7E5D1479208A00B8001271B3 /* Base */,
			);
			name = LaunchScreen.storyboard;
			sourceTree = "<group>";
		};
/* End PBXVariantGroup section */

/* Begin XCBuildConfiguration section */
		7E5D147C208A00B8001271B3 /* Debug */ = {
			isa = XCBuildConfiguration;
			buildSettings = {
				ALWAYS_SEARCH_USER_PATHS = NO;
				CLANG_ANALYZER_NONNULL = YES;
				CLANG_ANALYZER_NUMBER_OBJECT_CONVERSION = YES_AGGRESSIVE;
				CLANG_CXX_LANGUAGE_STANDARD = "gnu++14";
				CLANG_CXX_LIBRARY = "libc++";
				CLANG_ENABLE_MODULES = YES;
				CLANG_ENABLE_OBJC_ARC = YES;
				CLANG_ENABLE_OBJC_WEAK = YES;
				CLANG_WARN_BLOCK_CAPTURE_AUTORELEASING = YES;
				CLANG_WARN_BOOL_CONVERSION = YES;
				CLANG_WARN_COMMA = YES;
				CLANG_WARN_CONSTANT_CONVERSION = YES;
				CLANG_WARN_DEPRECATED_OBJC_IMPLEMENTATIONS = YES;
				CLANG_WARN_DIRECT_OBJC_ISA_USAGE = YES_ERROR;
				CLANG_WARN_DOCUMENTATION_COMMENTS = YES;
				CLANG_WARN_EMPTY_BODY = YES;
				CLANG_WARN_ENUM_CONVERSION = YES;
				CLANG_WARN_INFINITE_RECURSION = YES;
				CLANG_WARN_INT_CONVERSION = YES;
				CLANG_WARN_NON_LITERAL_NULL_CONVERSION = YES;
				CLANG_WARN_OBJC_IMPLICIT_RETAIN_SELF = YES;
				CLANG_WARN_OBJC_LITERAL_CONVERSION = YES;
				CLANG_WARN_OBJC_ROOT_CLASS = YES_ERROR;
				CLANG_WARN_RANGE_LOOP_ANALYSIS = YES;
				CLANG_WARN_STRICT_PROTOTYPES = YES;
				CLANG_WARN_SUSPICIOUS_MOVE = YES;
				CLANG_WARN_UNGUARDED_AVAILABILITY = YES_AGGRESSIVE;
				CLANG_WARN_UNREACHABLE_CODE = YES;
				CLANG_WARN__DUPLICATE_METHOD_MATCH = YES;
				CODE_SIGN_IDENTITY = "iPhone Developer";
				COPY_PHASE_STRIP = NO;
				DEBUG_INFORMATION_FORMAT = dwarf;
				ENABLE_STRICT_OBJC_MSGSEND = YES;
				ENABLE_TESTABILITY = YES;
				GCC_C_LANGUAGE_STANDARD = gnu11;
				GCC_DYNAMIC_NO_PIC = NO;
				GCC_NO_COMMON_BLOCKS = YES;
				GCC_OPTIMIZATION_LEVEL = 0;
				GCC_PREPROCESSOR_DEFINITIONS = (
					"DEBUG=1",
					"$(inherited)",
				);
				GCC_WARN_64_TO_32_BIT_CONVERSION = YES;
				GCC_WARN_ABOUT_RETURN_TYPE = YES_ERROR;
				GCC_WARN_UNDECLARED_SELECTOR = YES;
				GCC_WARN_UNINITIALIZED_AUTOS = YES_AGGRESSIVE;
				GCC_WARN_UNUSED_FUNCTION = YES;
				GCC_WARN_UNUSED_VARIABLE = YES;
				IPHONEOS_DEPLOYMENT_TARGET = 11.0;
				MTL_ENABLE_DEBUG_INFO = YES;
				ONLY_ACTIVE_ARCH = YES;
				SDKROOT = iphoneos;
				SWIFT_ACTIVE_COMPILATION_CONDITIONS = DEBUG;
				SWIFT_OPTIMIZATION_LEVEL = "-Onone";
			};
			name = Debug;
		};
		7E5D147D208A00B8001271B3 /* Release */ = {
			isa = XCBuildConfiguration;
			buildSettings = {
				ALWAYS_SEARCH_USER_PATHS = NO;
				CLANG_ANALYZER_NONNULL = YES;
				CLANG_ANALYZER_NUMBER_OBJECT_CONVERSION = YES_AGGRESSIVE;
				CLANG_CXX_LANGUAGE_STANDARD = "gnu++14";
				CLANG_CXX_LIBRARY = "libc++";
				CLANG_ENABLE_MODULES = YES;
				CLANG_ENABLE_OBJC_ARC = YES;
				CLANG_ENABLE_OBJC_WEAK = YES;
				CLANG_WARN_BLOCK_CAPTURE_AUTORELEASING = YES;
				CLANG_WARN_BOOL_CONVERSION = YES;
				CLANG_WARN_COMMA = YES;
				CLANG_WARN_CONSTANT_CONVERSION = YES;
				CLANG_WARN_DEPRECATED_OBJC_IMPLEMENTATIONS = YES;
				CLANG_WARN_DIRECT_OBJC_ISA_USAGE = YES_ERROR;
				CLANG_WARN_DOCUMENTATION_COMMENTS = YES;
				CLANG_WARN_EMPTY_BODY = YES;
				CLANG_WARN_ENUM_CONVERSION = YES;
				CLANG_WARN_INFINITE_RECURSION = YES;
				CLANG_WARN_INT_CONVERSION = YES;
				CLANG_WARN_NON_LITERAL_NULL_CONVERSION = YES;
				CLANG_WARN_OBJC_IMPLICIT_RETAIN_SELF = YES;
				CLANG_WARN_OBJC_LITERAL_CONVERSION = YES;
				CLANG_WARN_OBJC_ROOT_CLASS = YES_ERROR;
				CLANG_WARN_RANGE_LOOP_ANALYSIS = YES;
				CLANG_WARN_STRICT_PROTOTYPES = YES;
				CLANG_WARN_SUSPICIOUS_MOVE = YES;
				CLANG_WARN_UNGUARDED_AVAILABILITY = YES_AGGRESSIVE;
				CLANG_WARN_UNREACHABLE_CODE = YES;
				CLANG_WARN__DUPLICATE_METHOD_MATCH = YES;
				CODE_SIGN_IDENTITY = "iPhone Developer";
				COPY_PHASE_STRIP = NO;
				DEBUG_INFORMATION_FORMAT = "dwarf-with-dsym";
				ENABLE_NS_ASSERTIONS = NO;
				ENABLE_STRICT_OBJC_MSGSEND = YES;
				GCC_C_LANGUAGE_STANDARD = gnu11;
				GCC_NO_COMMON_BLOCKS = YES;
				GCC_WARN_64_TO_32_BIT_CONVERSION = YES;
				GCC_WARN_ABOUT_RETURN_TYPE = YES_ERROR;
				GCC_WARN_UNDECLARED_SELECTOR = YES;
				GCC_WARN_UNINITIALIZED_AUTOS = YES_AGGRESSIVE;
				GCC_WARN_UNUSED_FUNCTION = YES;
				GCC_WARN_UNUSED_VARIABLE = YES;
				IPHONEOS_DEPLOYMENT_TARGET = 11.0;
				MTL_ENABLE_DEBUG_INFO = NO;
				SDKROOT = iphoneos;
				SWIFT_COMPILATION_MODE = wholemodule;
				SWIFT_OPTIMIZATION_LEVEL = "-O";
				VALIDATE_PRODUCT = YES;
			};
			name = Release;
		};
		7E5D147F208A00B8001271B3 /* Debug */ = {
			isa = XCBuildConfiguration;
			baseConfigurationReference = A08105415B3D678F87F5BF04 /* Pods-ARBear.debug.xcconfig */;
			buildSettings = {
				ASSETCATALOG_COMPILER_APPICON_NAME = AppIcon;
				CODE_SIGN_STYLE = Automatic;
				DEVELOPMENT_TEAM = 3NV32R76SX;
				INFOPLIST_FILE = ARBear/Info.plist;
				LD_RUNPATH_SEARCH_PATHS = (
					"$(inherited)",
					"@executable_path/Frameworks",
				);
				PRODUCT_BUNDLE_IDENTIFIER = com.betasmart.ARBear;
				PRODUCT_NAME = "$(TARGET_NAME)";
				SWIFT_VERSION = 4.0;
				TARGETED_DEVICE_FAMILY = "1,2";
			};
			name = Debug;
		};
		7E5D1480208A00B8001271B3 /* Release */ = {
			isa = XCBuildConfiguration;
			baseConfigurationReference = 273F10983FDFCC993AEFDCCD /* Pods-ARBear.release.xcconfig */;
			buildSettings = {
				ASSETCATALOG_COMPILER_APPICON_NAME = AppIcon;
				CODE_SIGN_STYLE = Automatic;
				DEVELOPMENT_TEAM = 3NV32R76SX;
				INFOPLIST_FILE = ARBear/Info.plist;
				LD_RUNPATH_SEARCH_PATHS = (
					"$(inherited)",
					"@executable_path/Frameworks",
				);
				PRODUCT_BUNDLE_IDENTIFIER = com.betasmart.ARBear;
				PRODUCT_NAME = "$(TARGET_NAME)";
				SWIFT_VERSION = 4.0;
				TARGETED_DEVICE_FAMILY = "1,2";
			};
			name = Release;
		};
/* End XCBuildConfiguration section */

/* Begin XCConfigurationList section */
		7E5D1465208A00B7001271B3 /* Build configuration list for PBXProject "ARBear" */ = {
			isa = XCConfigurationList;
			buildConfigurations = (
				7E5D147C208A00B8001271B3 /* Debug */,
				7E5D147D208A00B8001271B3 /* Release */,
			);
			defaultConfigurationIsVisible = 0;
			defaultConfigurationName = Release;
		};
		7E5D147E208A00B8001271B3 /* Build configuration list for PBXNativeTarget "ARBear" */ = {
			isa = XCConfigurationList;
			buildConfigurations = (
				7E5D147F208A00B8001271B3 /* Debug */,
				7E5D1480208A00B8001271B3 /* Release */,
			);
			defaultConfigurationIsVisible = 0;
			defaultConfigurationName = Release;
		};
/* End XCConfigurationList section */
	};
	rootObject = 7E5D1462208A00B7001271B3 /* Project object */;
}
